// !$*UTF8*$!
{
	archiveVersion = 1;
	classes = {
	};
	objectVersion = 51;
	objects = {

/* Begin PBXBuildFile section */
		15F1D7FF5D97A2EE1B93D804 /* Pods_Grocery_App.framework in Frameworks */ = {isa = PBXBuildFile; fileRef = 92D7C888E314F742BC23ED6D /* Pods_Grocery_App.framework */; };
		612D799B253086FF00A1E919 /* AuthManager.swift in Sources */ = {isa = PBXBuildFile; fileRef = 612D799A253086FF00A1E919 /* AuthManager.swift */; };
		612D799D25308AA400A1E919 /* FirebaseAuthManagerImpl.swift in Sources */ = {isa = PBXBuildFile; fileRef = 612D799C25308AA400A1E919 /* FirebaseAuthManagerImpl.swift */; };
		612D799F25311C7F00A1E919 /* AuthenticationModel.swift in Sources */ = {isa = PBXBuildFile; fileRef = 612D799E25311C7E00A1E919 /* AuthenticationModel.swift */; };
		612D79A125311CB000A1E919 /* AuthenticationModelImpl.swift in Sources */ = {isa = PBXBuildFile; fileRef = 612D79A025311CB000A1E919 /* AuthenticationModelImpl.swift */; };
		612D79A425311D4E00A1E919 /* LoginView.swift in Sources */ = {isa = PBXBuildFile; fileRef = 612D79A325311D4E00A1E919 /* LoginView.swift */; };
		612D79A625311FA500A1E919 /* LoginViewModel.swift in Sources */ = {isa = PBXBuildFile; fileRef = 612D79A525311FA500A1E919 /* LoginViewModel.swift */; };
		612D79A825311FAE00A1E919 /* RegisterViewModel.swift in Sources */ = {isa = PBXBuildFile; fileRef = 612D79A725311FAE00A1E919 /* RegisterViewModel.swift */; };
		612D79AA253125E500A1E919 /* RegisterView.swift in Sources */ = {isa = PBXBuildFile; fileRef = 612D79A9253125E500A1E919 /* RegisterView.swift */; };
		6162368C2513D4DC002D43AA /* AppDelegate.swift in Sources */ = {isa = PBXBuildFile; fileRef = 6162368B2513D4DC002D43AA /* AppDelegate.swift */; };
		6162368E2513D4DC002D43AA /* SceneDelegate.swift in Sources */ = {isa = PBXBuildFile; fileRef = 6162368D2513D4DC002D43AA /* SceneDelegate.swift */; };
		616236902513D4DC002D43AA /* ContentView.swift in Sources */ = {isa = PBXBuildFile; fileRef = 6162368F2513D4DC002D43AA /* ContentView.swift */; };
		616236922513D4E7002D43AA /* Assets.xcassets in Resources */ = {isa = PBXBuildFile; fileRef = 616236912513D4E7002D43AA /* Assets.xcassets */; };
		616236952513D4E7002D43AA /* Preview Assets.xcassets in Resources */ = {isa = PBXBuildFile; fileRef = 616236942513D4E7002D43AA /* Preview Assets.xcassets */; };
		616236982513D4E7002D43AA /* LaunchScreen.storyboard in Resources */ = {isa = PBXBuildFile; fileRef = 616236962513D4E7002D43AA /* LaunchScreen.storyboard */; };
		616236A325142788002D43AA /* GroceryViewModel.swift in Sources */ = {isa = PBXBuildFile; fileRef = 616236A225142788002D43AA /* GroceryViewModel.swift */; };
		616236AA25142A85002D43AA /* FirebaseApi.swift in Sources */ = {isa = PBXBuildFile; fileRef = 616236A925142A85002D43AA /* FirebaseApi.swift */; };
		616236AC25142A9D002D43AA /* FirebaseRealtimeDatabaseApiImpl.swift in Sources */ = {isa = PBXBuildFile; fileRef = 616236AB25142A9D002D43AA /* FirebaseRealtimeDatabaseApiImpl.swift */; };
		616236AE25142BA9002D43AA /* GoogleService-Info.plist in Resources */ = {isa = PBXBuildFile; fileRef = 616236AD25142BA9002D43AA /* GoogleService-Info.plist */; };
		616236B025142CC4002D43AA /* GroceryVO.swift in Sources */ = {isa = PBXBuildFile; fileRef = 616236AF25142CC4002D43AA /* GroceryVO.swift */; };
		616236B225142CF8002D43AA /* GroceryModel.swift in Sources */ = {isa = PBXBuildFile; fileRef = 616236B125142CF8002D43AA /* GroceryModel.swift */; };
		616236B525142D36002D43AA /* GroceryModelImpl.swift in Sources */ = {isa = PBXBuildFile; fileRef = 616236B425142D36002D43AA /* GroceryModelImpl.swift */; };
		619D8AA02515D62000D3507A /* CloudFireStoreFirebaseApiImpl.swift in Sources */ = {isa = PBXBuildFile; fileRef = 619D8A9F2515D62000D3507A /* CloudFireStoreFirebaseApiImpl.swift */; };
		61FF1D43253AADD9004EE39C /* FirebaseRemoteConfigManager.swift in Sources */ = {isa = PBXBuildFile; fileRef = 61FF1D42253AADD9004EE39C /* FirebaseRemoteConfigManager.swift */; };
/* End PBXBuildFile section */

/* Begin PBXFileReference section */
		5160715300D59AFDF404340F /* Pods-Grocery-App.release.xcconfig */ = {isa = PBXFileReference; includeInIndex = 1; lastKnownFileType = text.xcconfig; name = "Pods-Grocery-App.release.xcconfig"; path = "Target Support Files/Pods-Grocery-App/Pods-Grocery-App.release.xcconfig"; sourceTree = "<group>"; };
		612D799A253086FF00A1E919 /* AuthManager.swift */ = {isa = PBXFileReference; lastKnownFileType = sourcecode.swift; path = AuthManager.swift; sourceTree = "<group>"; };
		612D799C25308AA400A1E919 /* FirebaseAuthManagerImpl.swift */ = {isa = PBXFileReference; lastKnownFileType = sourcecode.swift; path = FirebaseAuthManagerImpl.swift; sourceTree = "<group>"; };
		612D799E25311C7E00A1E919 /* AuthenticationModel.swift */ = {isa = PBXFileReference; lastKnownFileType = sourcecode.swift; path = AuthenticationModel.swift; sourceTree = "<group>"; };
		612D79A025311CB000A1E919 /* AuthenticationModelImpl.swift */ = {isa = PBXFileReference; lastKnownFileType = sourcecode.swift; path = AuthenticationModelImpl.swift; sourceTree = "<group>"; };
		612D79A325311D4E00A1E919 /* LoginView.swift */ = {isa = PBXFileReference; lastKnownFileType = sourcecode.swift; path = LoginView.swift; sourceTree = "<group>"; };
		612D79A525311FA500A1E919 /* LoginViewModel.swift */ = {isa = PBXFileReference; lastKnownFileType = sourcecode.swift; path = LoginViewModel.swift; sourceTree = "<group>"; };
		612D79A725311FAE00A1E919 /* RegisterViewModel.swift */ = {isa = PBXFileReference; lastKnownFileType = sourcecode.swift; path = RegisterViewModel.swift; sourceTree = "<group>"; };
		612D79A9253125E500A1E919 /* RegisterView.swift */ = {isa = PBXFileReference; lastKnownFileType = sourcecode.swift; path = RegisterView.swift; sourceTree = "<group>"; };
		616236882513D4DC002D43AA /* Grocery-App.app */ = {isa = PBXFileReference; explicitFileType = wrapper.application; includeInIndex = 0; path = "Grocery-App.app"; sourceTree = BUILT_PRODUCTS_DIR; };
		6162368B2513D4DC002D43AA /* AppDelegate.swift */ = {isa = PBXFileReference; lastKnownFileType = sourcecode.swift; path = AppDelegate.swift; sourceTree = "<group>"; };
		6162368D2513D4DC002D43AA /* SceneDelegate.swift */ = {isa = PBXFileReference; lastKnownFileType = sourcecode.swift; path = SceneDelegate.swift; sourceTree = "<group>"; };
		6162368F2513D4DC002D43AA /* ContentView.swift */ = {isa = PBXFileReference; lastKnownFileType = sourcecode.swift; path = ContentView.swift; sourceTree = "<group>"; };
		616236912513D4E7002D43AA /* Assets.xcassets */ = {isa = PBXFileReference; lastKnownFileType = folder.assetcatalog; path = Assets.xcassets; sourceTree = "<group>"; };
		616236942513D4E7002D43AA /* Preview Assets.xcassets */ = {isa = PBXFileReference; lastKnownFileType = folder.assetcatalog; path = "Preview Assets.xcassets"; sourceTree = "<group>"; };
		616236972513D4E7002D43AA /* Base */ = {isa = PBXFileReference; lastKnownFileType = file.storyboard; name = Base; path = Base.lproj/LaunchScreen.storyboard; sourceTree = "<group>"; };
		616236992513D4E7002D43AA /* Info.plist */ = {isa = PBXFileReference; lastKnownFileType = text.plist.xml; path = Info.plist; sourceTree = "<group>"; };
		616236A225142788002D43AA /* GroceryViewModel.swift */ = {isa = PBXFileReference; lastKnownFileType = sourcecode.swift; path = GroceryViewModel.swift; sourceTree = "<group>"; };
		616236A925142A85002D43AA /* FirebaseApi.swift */ = {isa = PBXFileReference; lastKnownFileType = sourcecode.swift; path = FirebaseApi.swift; sourceTree = "<group>"; };
		616236AB25142A9D002D43AA /* FirebaseRealtimeDatabaseApiImpl.swift */ = {isa = PBXFileReference; lastKnownFileType = sourcecode.swift; path = FirebaseRealtimeDatabaseApiImpl.swift; sourceTree = "<group>"; };
		616236AD25142BA9002D43AA /* GoogleService-Info.plist */ = {isa = PBXFileReference; fileEncoding = 4; lastKnownFileType = text.plist.xml; path = "GoogleService-Info.plist"; sourceTree = "<group>"; };
		616236AF25142CC4002D43AA /* GroceryVO.swift */ = {isa = PBXFileReference; lastKnownFileType = sourcecode.swift; path = GroceryVO.swift; sourceTree = "<group>"; };
		616236B125142CF8002D43AA /* GroceryModel.swift */ = {isa = PBXFileReference; lastKnownFileType = sourcecode.swift; path = GroceryModel.swift; sourceTree = "<group>"; };
		616236B425142D36002D43AA /* GroceryModelImpl.swift */ = {isa = PBXFileReference; lastKnownFileType = sourcecode.swift; path = GroceryModelImpl.swift; sourceTree = "<group>"; };
		619D8A9F2515D62000D3507A /* CloudFireStoreFirebaseApiImpl.swift */ = {isa = PBXFileReference; lastKnownFileType = sourcecode.swift; path = CloudFireStoreFirebaseApiImpl.swift; sourceTree = "<group>"; };
		61FF1D42253AADD9004EE39C /* FirebaseRemoteConfigManager.swift */ = {isa = PBXFileReference; lastKnownFileType = sourcecode.swift; path = FirebaseRemoteConfigManager.swift; sourceTree = "<group>"; };
		92D7C888E314F742BC23ED6D /* Pods_Grocery_App.framework */ = {isa = PBXFileReference; explicitFileType = wrapper.framework; includeInIndex = 0; path = Pods_Grocery_App.framework; sourceTree = BUILT_PRODUCTS_DIR; };
		D55AE4A0CEBBF9D785D10A9C /* Pods-Grocery-App.debug.xcconfig */ = {isa = PBXFileReference; includeInIndex = 1; lastKnownFileType = text.xcconfig; name = "Pods-Grocery-App.debug.xcconfig"; path = "Target Support Files/Pods-Grocery-App/Pods-Grocery-App.debug.xcconfig"; sourceTree = "<group>"; };
/* End PBXFileReference section */

/* Begin PBXFrameworksBuildPhase section */
		616236852513D4DC002D43AA /* Frameworks */ = {
			isa = PBXFrameworksBuildPhase;
			buildActionMask = 2147483647;
			files = (
				15F1D7FF5D97A2EE1B93D804 /* Pods_Grocery_App.framework in Frameworks */,
			);
			runOnlyForDeploymentPostprocessing = 0;
		};
/* End PBXFrameworksBuildPhase section */

/* Begin PBXGroup section */
		3A41F909A9DB8140FBF48088 /* Pods */ = {
			isa = PBXGroup;
			children = (
				D55AE4A0CEBBF9D785D10A9C /* Pods-Grocery-App.debug.xcconfig */,
				5160715300D59AFDF404340F /* Pods-Grocery-App.release.xcconfig */,
			);
			path = Pods;
			sourceTree = "<group>";
		};
		612D79A225311D1900A1E919 /* views */ = {
			isa = PBXGroup;
			children = (
				6162368F2513D4DC002D43AA /* ContentView.swift */,
				612D79A325311D4E00A1E919 /* LoginView.swift */,
				612D79A9253125E500A1E919 /* RegisterView.swift */,
			);
			path = views;
			sourceTree = "<group>";
		};
		6162367F2513D4DB002D43AA = {
			isa = PBXGroup;
			children = (
				6162368A2513D4DC002D43AA /* Grocery-App */,
				616236892513D4DC002D43AA /* Products */,
				3A41F909A9DB8140FBF48088 /* Pods */,
				8853ED0F83649BB5FF659E4D /* Frameworks */,
			);
			sourceTree = "<group>";
		};
		616236892513D4DC002D43AA /* Products */ = {
			isa = PBXGroup;
			children = (
				616236882513D4DC002D43AA /* Grocery-App.app */,
			);
			name = Products;
			sourceTree = "<group>";
		};
		6162368A2513D4DC002D43AA /* Grocery-App */ = {
			isa = PBXGroup;
			children = (
				612D79A225311D1900A1E919 /* views */,
				618AA4AD251D889A00D42019 /* imagepicker */,
				616236AD25142BA9002D43AA /* GoogleService-Info.plist */,
				616236A725142A73002D43AA /* network */,
				616236A425142A66002D43AA /* data */,
				616236A12514276A002D43AA /* ViewModels */,
				6162368B2513D4DC002D43AA /* AppDelegate.swift */,
				6162368D2513D4DC002D43AA /* SceneDelegate.swift */,
				616236912513D4E7002D43AA /* Assets.xcassets */,
				616236962513D4E7002D43AA /* LaunchScreen.storyboard */,
				616236992513D4E7002D43AA /* Info.plist */,
				616236932513D4E7002D43AA /* Preview Content */,
			);
			path = "Grocery-App";
			sourceTree = "<group>";
		};
		616236932513D4E7002D43AA /* Preview Content */ = {
			isa = PBXGroup;
			children = (
				616236942513D4E7002D43AA /* Preview Assets.xcassets */,
			);
			path = "Preview Content";
			sourceTree = "<group>";
		};
		616236A12514276A002D43AA /* ViewModels */ = {
			isa = PBXGroup;
			children = (
				616236A225142788002D43AA /* GroceryViewModel.swift */,
				612D79A525311FA500A1E919 /* LoginViewModel.swift */,
				612D79A725311FAE00A1E919 /* RegisterViewModel.swift */,
			);
			path = ViewModels;
			sourceTree = "<group>";
		};
		616236A425142A66002D43AA /* data */ = {
			isa = PBXGroup;
			children = (
				616236A625142A70002D43AA /* models */,
				616236A525142A6D002D43AA /* vos */,
			);
			path = data;
			sourceTree = "<group>";
		};
		616236A525142A6D002D43AA /* vos */ = {
			isa = PBXGroup;
			children = (
				616236AF25142CC4002D43AA /* GroceryVO.swift */,
			);
			path = vos;
			sourceTree = "<group>";
		};
		616236A625142A70002D43AA /* models */ = {
			isa = PBXGroup;
			children = (
				616236B325142D2E002D43AA /* impls */,
				616236B125142CF8002D43AA /* GroceryModel.swift */,
				612D799E25311C7E00A1E919 /* AuthenticationModel.swift */,
			);
			path = models;
			sourceTree = "<group>";
		};
		616236A725142A73002D43AA /* network */ = {
			isa = PBXGroup;
			children = (
				616236A925142A85002D43AA /* FirebaseApi.swift */,
				616236AB25142A9D002D43AA /* FirebaseRealtimeDatabaseApiImpl.swift */,
				619D8A9F2515D62000D3507A /* CloudFireStoreFirebaseApiImpl.swift */,
				612D799A253086FF00A1E919 /* AuthManager.swift */,
				612D799C25308AA400A1E919 /* FirebaseAuthManagerImpl.swift */,
				61FF1D42253AADD9004EE39C /* FirebaseRemoteConfigManager.swift */,
			);
			path = network;
			sourceTree = "<group>";
		};
		616236B325142D2E002D43AA /* impls */ = {
			isa = PBXGroup;
			children = (
				616236B425142D36002D43AA /* GroceryModelImpl.swift */,
				612D79A025311CB000A1E919 /* AuthenticationModelImpl.swift */,
			);
			path = impls;
			sourceTree = "<group>";
		};
		618AA4AD251D889A00D42019 /* imagepicker */ = {
			isa = PBXGroup;
			children = (
			);
			path = imagepicker;
			sourceTree = "<group>";
		};
		8853ED0F83649BB5FF659E4D /* Frameworks */ = {
			isa = PBXGroup;
			children = (
				92D7C888E314F742BC23ED6D /* Pods_Grocery_App.framework */,
			);
			name = Frameworks;
			sourceTree = "<group>";
		};
/* End PBXGroup section */

/* Begin PBXNativeTarget section */
		616236872513D4DC002D43AA /* Grocery-App */ = {
			isa = PBXNativeTarget;
			buildConfigurationList = 6162369C2513D4E7002D43AA /* Build configuration list for PBXNativeTarget "Grocery-App" */;
			buildPhases = (
				649048CA4E528E41FED0D63A /* [CP] Check Pods Manifest.lock */,
				616236842513D4DC002D43AA /* Sources */,
				616236852513D4DC002D43AA /* Frameworks */,
				616236862513D4DC002D43AA /* Resources */,
				7946E42BB06F34760AC3EBCB /* [CP] Embed Pods Frameworks */,
			);
			buildRules = (
			);
			dependencies = (
			);
			name = "Grocery-App";
			productName = "Grocery-App";
			productReference = 616236882513D4DC002D43AA /* Grocery-App.app */;
			productType = "com.apple.product-type.application";
		};
/* End PBXNativeTarget section */

/* Begin PBXProject section */
		616236802513D4DB002D43AA /* Project object */ = {
			isa = PBXProject;
			attributes = {
				LastSwiftUpdateCheck = 1170;
				LastUpgradeCheck = 1170;
				ORGANIZATIONNAME = "Zaw Htet Naing";
				TargetAttributes = {
					616236872513D4DC002D43AA = {
						CreatedOnToolsVersion = 11.7;
					};
				};
			};
			buildConfigurationList = 616236832513D4DC002D43AA /* Build configuration list for PBXProject "Grocery-App" */;
			compatibilityVersion = "Xcode 9.3";
			developmentRegion = en;
			hasScannedForEncodings = 0;
			knownRegions = (
				en,
				Base,
			);
			mainGroup = 6162367F2513D4DB002D43AA;
			productRefGroup = 616236892513D4DC002D43AA /* Products */;
			projectDirPath = "";
			projectRoot = "";
			targets = (
				616236872513D4DC002D43AA /* Grocery-App */,
			);
		};
/* End PBXProject section */

/* Begin PBXResourcesBuildPhase section */
		616236862513D4DC002D43AA /* Resources */ = {
			isa = PBXResourcesBuildPhase;
			buildActionMask = 2147483647;
			files = (
				616236982513D4E7002D43AA /* LaunchScreen.storyboard in Resources */,
				616236952513D4E7002D43AA /* Preview Assets.xcassets in Resources */,
				616236922513D4E7002D43AA /* Assets.xcassets in Resources */,
				616236AE25142BA9002D43AA /* GoogleService-Info.plist in Resources */,
			);
			runOnlyForDeploymentPostprocessing = 0;
		};
/* End PBXResourcesBuildPhase section */

/* Begin PBXShellScriptBuildPhase section */
		649048CA4E528E41FED0D63A /* [CP] Check Pods Manifest.lock */ = {
			isa = PBXShellScriptBuildPhase;
			buildActionMask = 2147483647;
			files = (
			);
			inputFileListPaths = (
			);
			inputPaths = (
				"${PODS_PODFILE_DIR_PATH}/Podfile.lock",
				"${PODS_ROOT}/Manifest.lock",
			);
			name = "[CP] Check Pods Manifest.lock";
			outputFileListPaths = (
			);
			outputPaths = (
				"$(DERIVED_FILE_DIR)/Pods-Grocery-App-checkManifestLockResult.txt",
			);
			runOnlyForDeploymentPostprocessing = 0;
			shellPath = /bin/sh;
			shellScript = "diff \"${PODS_PODFILE_DIR_PATH}/Podfile.lock\" \"${PODS_ROOT}/Manifest.lock\" > /dev/null\nif [ $? != 0 ] ; then\n    # print error to STDERR\n    echo \"error: The sandbox is not in sync with the Podfile.lock. Run 'pod install' or update your CocoaPods installation.\" >&2\n    exit 1\nfi\n# This output is used by Xcode 'outputs' to avoid re-running this script phase.\necho \"SUCCESS\" > \"${SCRIPT_OUTPUT_FILE_0}\"\n";
			showEnvVarsInLog = 0;
		};
		7946E42BB06F34760AC3EBCB /* [CP] Embed Pods Frameworks */ = {
			isa = PBXShellScriptBuildPhase;
			buildActionMask = 2147483647;
			files = (
			);
			inputFileListPaths = (
				"${PODS_ROOT}/Target Support Files/Pods-Grocery-App/Pods-Grocery-App-frameworks-${CONFIGURATION}-input-files.xcfilelist",
			);
			name = "[CP] Embed Pods Frameworks";
			outputFileListPaths = (
				"${PODS_ROOT}/Target Support Files/Pods-Grocery-App/Pods-Grocery-App-frameworks-${CONFIGURATION}-output-files.xcfilelist",
			);
			runOnlyForDeploymentPostprocessing = 0;
			shellPath = /bin/sh;
			shellScript = "\"${PODS_ROOT}/Target Support Files/Pods-Grocery-App/Pods-Grocery-App-frameworks.sh\"\n";
			showEnvVarsInLog = 0;
		};
/* End PBXShellScriptBuildPhase section */

/* Begin PBXSourcesBuildPhase section */
		616236842513D4DC002D43AA /* Sources */ = {
			isa = PBXSourcesBuildPhase;
			buildActionMask = 2147483647;
			files = (
				616236B025142CC4002D43AA /* GroceryVO.swift in Sources */,
				612D79A125311CB000A1E919 /* AuthenticationModelImpl.swift in Sources */,
				612D799F25311C7F00A1E919 /* AuthenticationModel.swift in Sources */,
				612D79A425311D4E00A1E919 /* LoginView.swift in Sources */,
				612D79A625311FA500A1E919 /* LoginViewModel.swift in Sources */,
				616236B225142CF8002D43AA /* GroceryModel.swift in Sources */,
				616236A325142788002D43AA /* GroceryViewModel.swift in Sources */,
				61FF1D43253AADD9004EE39C /* FirebaseRemoteConfigManager.swift in Sources */,
				616236B525142D36002D43AA /* GroceryModelImpl.swift in Sources */,
				616236AC25142A9D002D43AA /* FirebaseRealtimeDatabaseApiImpl.swift in Sources */,
				612D79AA253125E500A1E919 /* RegisterView.swift in Sources */,
				612D79A825311FAE00A1E919 /* RegisterViewModel.swift in Sources */,
				616236AA25142A85002D43AA /* FirebaseApi.swift in Sources */,
				6162368C2513D4DC002D43AA /* AppDelegate.swift in Sources */,
				6162368E2513D4DC002D43AA /* SceneDelegate.swift in Sources */,
				612D799D25308AA400A1E919 /* FirebaseAuthManagerImpl.swift in Sources */,
				612D799B253086FF00A1E919 /* AuthManager.swift in Sources */,
				616236902513D4DC002D43AA /* ContentView.swift in Sources */,
				619D8AA02515D62000D3507A /* CloudFireStoreFirebaseApiImpl.swift in Sources */,
			);
			runOnlyForDeploymentPostprocessing = 0;
		};
/* End PBXSourcesBuildPhase section */

/* Begin PBXVariantGroup section */
		616236962513D4E7002D43AA /* LaunchScreen.storyboard */ = {
			isa = PBXVariantGroup;
			children = (
				616236972513D4E7002D43AA /* Base */,
			);
			name = LaunchScreen.storyboard;
			sourceTree = "<group>";
		};
/* End PBXVariantGroup section */

/* Begin XCBuildConfiguration section */
		6162369A2513D4E7002D43AA /* Debug */ = {
			isa = XCBuildConfiguration;
			buildSettings = {
				ALWAYS_SEARCH_USER_PATHS = NO;
				CLANG_ANALYZER_NONNULL = YES;
				CLANG_ANALYZER_NUMBER_OBJECT_CONVERSION = YES_AGGRESSIVE;
				CLANG_CXX_LANGUAGE_STANDARD = "gnu++14";
				CLANG_CXX_LIBRARY = "libc++";
				CLANG_ENABLE_MODULES = YES;
				CLANG_ENABLE_OBJC_ARC = YES;
				CLANG_ENABLE_OBJC_WEAK = YES;
				CLANG_WARN_BLOCK_CAPTURE_AUTORELEASING = YES;
				CLANG_WARN_BOOL_CONVERSION = YES;
				CLANG_WARN_COMMA = YES;
				CLANG_WARN_CONSTANT_CONVERSION = YES;
				CLANG_WARN_DEPRECATED_OBJC_IMPLEMENTATIONS = YES;
				CLANG_WARN_DIRECT_OBJC_ISA_USAGE = YES_ERROR;
				CLANG_WARN_DOCUMENTATION_COMMENTS = YES;
				CLANG_WARN_EMPTY_BODY = YES;
				CLANG_WARN_ENUM_CONVERSION = YES;
				CLANG_WARN_INFINITE_RECURSION = YES;
				CLANG_WARN_INT_CONVERSION = YES;
				CLANG_WARN_NON_LITERAL_NULL_CONVERSION = YES;
				CLANG_WARN_OBJC_IMPLICIT_RETAIN_SELF = YES;
				CLANG_WARN_OBJC_LITERAL_CONVERSION = YES;
				CLANG_WARN_OBJC_ROOT_CLASS = YES_ERROR;
				CLANG_WARN_RANGE_LOOP_ANALYSIS = YES;
				CLANG_WARN_STRICT_PROTOTYPES = YES;
				CLANG_WARN_SUSPICIOUS_MOVE = YES;
				CLANG_WARN_UNGUARDED_AVAILABILITY = YES_AGGRESSIVE;
				CLANG_WARN_UNREACHABLE_CODE = YES;
				CLANG_WARN__DUPLICATE_METHOD_MATCH = YES;
				COPY_PHASE_STRIP = NO;
				DEBUG_INFORMATION_FORMAT = dwarf;
				ENABLE_STRICT_OBJC_MSGSEND = YES;
				ENABLE_TESTABILITY = YES;
				GCC_C_LANGUAGE_STANDARD = gnu11;
				GCC_DYNAMIC_NO_PIC = NO;
				GCC_NO_COMMON_BLOCKS = YES;
				GCC_OPTIMIZATION_LEVEL = 0;
				GCC_PREPROCESSOR_DEFINITIONS = (
					"DEBUG=1",
					"$(inherited)",
				);
				GCC_WARN_64_TO_32_BIT_CONVERSION = YES;
				GCC_WARN_ABOUT_RETURN_TYPE = YES_ERROR;
				GCC_WARN_UNDECLARED_SELECTOR = YES;
				GCC_WARN_UNINITIALIZED_AUTOS = YES_AGGRESSIVE;
				GCC_WARN_UNUSED_FUNCTION = YES;
				GCC_WARN_UNUSED_VARIABLE = YES;
				IPHONEOS_DEPLOYMENT_TARGET = 13.7;
				MTL_ENABLE_DEBUG_INFO = INCLUDE_SOURCE;
				MTL_FAST_MATH = YES;
				ONLY_ACTIVE_ARCH = YES;
				SDKROOT = iphoneos;
				SWIFT_ACTIVE_COMPILATION_CONDITIONS = DEBUG;
				SWIFT_OPTIMIZATION_LEVEL = "-Onone";
			};
			name = Debug;
		};
		6162369B2513D4E7002D43AA /* Release */ = {
			isa = XCBuildConfiguration;
			buildSettings = {
				ALWAYS_SEARCH_USER_PATHS = NO;
				CLANG_ANALYZER_NONNULL = YES;
				CLANG_ANALYZER_NUMBER_OBJECT_CONVERSION = YES_AGGRESSIVE;
				CLANG_CXX_LANGUAGE_STANDARD = "gnu++14";
				CLANG_CXX_LIBRARY = "libc++";
				CLANG_ENABLE_MODULES = YES;
				CLANG_ENABLE_OBJC_ARC = YES;
				CLANG_ENABLE_OBJC_WEAK = YES;
				CLANG_WARN_BLOCK_CAPTURE_AUTORELEASING = YES;
				CLANG_WARN_BOOL_CONVERSION = YES;
				CLANG_WARN_COMMA = YES;
				CLANG_WARN_CONSTANT_CONVERSION = YES;
				CLANG_WARN_DEPRECATED_OBJC_IMPLEMENTATIONS = YES;
				CLANG_WARN_DIRECT_OBJC_ISA_USAGE = YES_ERROR;
				CLANG_WARN_DOCUMENTATION_COMMENTS = YES;
				CLANG_WARN_EMPTY_BODY = YES;
				CLANG_WARN_ENUM_CONVERSION = YES;
				CLANG_WARN_INFINITE_RECURSION = YES;
				CLANG_WARN_INT_CONVERSION = YES;
				CLANG_WARN_NON_LITERAL_NULL_CONVERSION = YES;
				CLANG_WARN_OBJC_IMPLICIT_RETAIN_SELF = YES;
				CLANG_WARN_OBJC_LITERAL_CONVERSION = YES;
				CLANG_WARN_OBJC_ROOT_CLASS = YES_ERROR;
				CLANG_WARN_RANGE_LOOP_ANALYSIS = YES;
				CLANG_WARN_STRICT_PROTOTYPES = YES;
				CLANG_WARN_SUSPICIOUS_MOVE = YES;
				CLANG_WARN_UNGUARDED_AVAILABILITY = YES_AGGRESSIVE;
				CLANG_WARN_UNREACHABLE_CODE = YES;
				CLANG_WARN__DUPLICATE_METHOD_MATCH = YES;
				COPY_PHASE_STRIP = NO;
				DEBUG_INFORMATION_FORMAT = "dwarf-with-dsym";
				ENABLE_NS_ASSERTIONS = NO;
				ENABLE_STRICT_OBJC_MSGSEND = YES;
				GCC_C_LANGUAGE_STANDARD = gnu11;
				GCC_NO_COMMON_BLOCKS = YES;
				GCC_WARN_64_TO_32_BIT_CONVERSION = YES;
				GCC_WARN_ABOUT_RETURN_TYPE = YES_ERROR;
				GCC_WARN_UNDECLARED_SELECTOR = YES;
				GCC_WARN_UNINITIALIZED_AUTOS = YES_AGGRESSIVE;
				GCC_WARN_UNUSED_FUNCTION = YES;
				GCC_WARN_UNUSED_VARIABLE = YES;
				IPHONEOS_DEPLOYMENT_TARGET = 13.7;
				MTL_ENABLE_DEBUG_INFO = NO;
				MTL_FAST_MATH = YES;
				SDKROOT = iphoneos;
				SWIFT_COMPILATION_MODE = wholemodule;
				SWIFT_OPTIMIZATION_LEVEL = "-O";
				VALIDATE_PRODUCT = YES;
			};
			name = Release;
		};
		6162369D2513D4E7002D43AA /* Debug */ = {
			isa = XCBuildConfiguration;
			baseConfigurationReference = D55AE4A0CEBBF9D785D10A9C /* Pods-Grocery-App.debug.xcconfig */;
			buildSettings = {
				ASSETCATALOG_COMPILER_APPICON_NAME = AppIcon;
				CODE_SIGN_STYLE = Automatic;
				DEVELOPMENT_ASSET_PATHS = "\"Grocery-App/Preview Content\"";
				DEVELOPMENT_TEAM = J8KK28846H;
				ENABLE_PREVIEWS = YES;
				INFOPLIST_FILE = "Grocery-App/Info.plist";
				LD_RUNPATH_SEARCH_PATHS = (
					"$(inherited)",
					"@executable_path/Frameworks",
				);
				PRODUCT_BUNDLE_IDENTIFIER = com.padc.grocery;
				PRODUCT_NAME = "$(TARGET_NAME)";
				SWIFT_VERSION = 5.0;
				TARGETED_DEVICE_FAMILY = "1,2";
			};
			name = Debug;
		};
		6162369E2513D4E7002D43AA /* Release */ = {
			isa = XCBuildConfiguration;
			baseConfigurationReference = 5160715300D59AFDF404340F /* Pods-Grocery-App.release.xcconfig */;
			buildSettings = {
				ASSETCATALOG_COMPILER_APPICON_NAME = AppIcon;
				CODE_SIGN_STYLE = Automatic;
				DEVELOPMENT_ASSET_PATHS = "\"Grocery-App/Preview Content\"";
				DEVELOPMENT_TEAM = J8KK28846H;
				ENABLE_PREVIEWS = YES;
				INFOPLIST_FILE = "Grocery-App/Info.plist";
				LD_RUNPATH_SEARCH_PATHS = (
					"$(inherited)",
					"@executable_path/Frameworks",
				);
				PRODUCT_BUNDLE_IDENTIFIER = com.padc.grocery;
				PRODUCT_NAME = "$(TARGET_NAME)";
				SWIFT_VERSION = 5.0;
				TARGETED_DEVICE_FAMILY = "1,2";
			};
			name = Release;
		};
/* End XCBuildConfiguration section */

/* Begin XCConfigurationList section */
		616236832513D4DC002D43AA /* Build configuration list for PBXProject "Grocery-App" */ = {
			isa = XCConfigurationList;
			buildConfigurations = (
				6162369A2513D4E7002D43AA /* Debug */,
				6162369B2513D4E7002D43AA /* Release */,
			);
			defaultConfigurationIsVisible = 0;
			defaultConfigurationName = Release;
		};
		6162369C2513D4E7002D43AA /* Build configuration list for PBXNativeTarget "Grocery-App" */ = {
			isa = XCConfigurationList;
			buildConfigurations = (
				6162369D2513D4E7002D43AA /* Debug */,
				6162369E2513D4E7002D43AA /* Release */,
			);
			defaultConfigurationIsVisible = 0;
			defaultConfigurationName = Release;
		};
/* End XCConfigurationList section */
	};
	rootObject = 616236802513D4DB002D43AA /* Project object */;
}
